
Microsoft Visual Studio Solution File, Format Version 12.00
# Visual Studio Version 16
VisualStudioVersion = 16.0.31624.102
MinimumVisualStudioVersion = 10.0.40219.1
Project("{FAE04EC0-301F-11D3-BF4B-00C04F79EFBC}") = "Registro_Con_Detalle", "Registro_Con_Detalle.csproj", "{2F1E9768-35FD-45F2-8410-7DFF10F7DDB4}"
EndProject
Global
	GlobalSection(SolutionConfigurationPlatforms) = preSolution
		Debug|Any CPU = Debug|Any CPU
		Release|Any CPU = Release|Any CPU
	EndGlobalSection
	GlobalSection(ProjectConfigurationPlatforms) = postSolution
		{2F1E9768-35FD-45F2-8410-7DFF10F7DDB4}.Debug|Any CPU.ActiveCfg = Debug|Any CPU
		{2F1E9768-35FD-45F2-8410-7DFF10F7DDB4}.Debug|Any CPU.Build.0 = Debug|Any CPU
		{2F1E9768-35FD-45F2-8410-7DFF10F7DDB4}.Release|Any CPU.ActiveCfg = Release|Any CPU
		{2F1E9768-35FD-45F2-8410-7DFF10F7DDB4}.Release|Any CPU.Build.0 = Release|Any CPU
	EndGlobalSection
	GlobalSection(SolutionProperties) = preSolution
		HideSolutionNode = FALSE
	EndGlobalSection
	GlobalSection(ExtensibilityGlobals) = postSolution
		SolutionGuid = {5621422E-52C5-4F53-A4B8-846516F6574B}
	EndGlobalSection
EndGlobal
